<?xml version="1.0" encoding="UTF-8"?>
<CodeBlocks_project_file>
	<FileVersion major="1" minor="6"/>
	<Project>
		<Option title="main"/>
		<Option makefile_is_custom="1"/>
		<Option compiler="gcc"/>
		<Option virtualFolders="CMake Files\;CMake Files\..\;CMake Files\..\..\;CMake Files\..\..\..\;CMake Files\..\..\..\usr\;CMake Files\..\..\..\usr\share\;CMake Files\..\..\..\usr\share\OpenCV\;"/>
		<Build>
			<Target title="all">
				<Option working_dir="/home/zhou/MTCNN_TensorRT"/>
				<Option type="4"/>
				<MakeCommands>
					<Build command="/usr/bin/make -f &quot;/home/zhou/MTCNN_TensorRT/Makefile&quot;  VERBOSE=1 all"/>
					<CompileFile command="/usr/bin/make -f &quot;/home/zhou/MTCNN_TensorRT/Makefile&quot;  VERBOSE=1 &quot;$file&quot;"/>
					<Clean command="/usr/bin/make -f &quot;/home/zhou/MTCNN_TensorRT/Makefile&quot;  VERBOSE=1 clean"/>
					<DistClean command="/usr/bin/make -f &quot;/home/zhou/MTCNN_TensorRT/Makefile&quot;  VERBOSE=1 clean"/>
				</MakeCommands>
			</Target>
			<Target title="rebuild_cache">
				<Option working_dir="/home/zhou/MTCNN_TensorRT"/>
				<Option type="4"/>
				<MakeCommands>
					<Build command="/usr/bin/make -f &quot;/home/zhou/MTCNN_TensorRT/Makefile&quot;  VERBOSE=1 rebuild_cache"/>
					<CompileFile command="/usr/bin/make -f &quot;/home/zhou/MTCNN_TensorRT/Makefile&quot;  VERBOSE=1 &quot;$file&quot;"/>
					<Clean command="/usr/bin/make -f &quot;/home/zhou/MTCNN_TensorRT/Makefile&quot;  VERBOSE=1 clean"/>
					<DistClean command="/usr/bin/make -f &quot;/home/zhou/MTCNN_TensorRT/Makefile&quot;  VERBOSE=1 clean"/>
				</MakeCommands>
			</Target>
			<Target title="edit_cache">
				<Option working_dir="/home/zhou/MTCNN_TensorRT"/>
				<Option type="4"/>
				<MakeCommands>
					<Build command="/usr/bin/make -f &quot;/home/zhou/MTCNN_TensorRT/Makefile&quot;  VERBOSE=1 edit_cache"/>
					<CompileFile command="/usr/bin/make -f &quot;/home/zhou/MTCNN_TensorRT/Makefile&quot;  VERBOSE=1 &quot;$file&quot;"/>
					<Clean command="/usr/bin/make -f &quot;/home/zhou/MTCNN_TensorRT/Makefile&quot;  VERBOSE=1 clean"/>
					<DistClean command="/usr/bin/make -f &quot;/home/zhou/MTCNN_TensorRT/Makefile&quot;  VERBOSE=1 clean"/>
				</MakeCommands>
			</Target>
			<Target title="main">
				<Option output="/home/zhou/MTCNN_TensorRT/main" prefix_auto="0" extension_auto="0"/>
				<Option working_dir="/home/zhou/MTCNN_TensorRT"/>
				<Option object_output="./"/>
				<Option type="1"/>
				<Option compiler="gcc"/>
				<Compiler>
					<Add directory="/opt/OpenBLAS/include"/>
					<Add directory="/usr/local/cuda/include"/>
					<Add directory="/usr/local/tensorrt/include"/>
					<Add directory="/usr/include/opencv"/>
				</Compiler>
				<MakeCommands>
					<Build command="/usr/bin/make -f &quot;/home/zhou/MTCNN_TensorRT/Makefile&quot;  VERBOSE=1 main"/>
					<CompileFile command="/usr/bin/make -f &quot;/home/zhou/MTCNN_TensorRT/Makefile&quot;  VERBOSE=1 &quot;$file&quot;"/>
					<Clean command="/usr/bin/make -f &quot;/home/zhou/MTCNN_TensorRT/Makefile&quot;  VERBOSE=1 clean"/>
					<DistClean command="/usr/bin/make -f &quot;/home/zhou/MTCNN_TensorRT/Makefile&quot;  VERBOSE=1 clean"/>
				</MakeCommands>
			</Target>
			<Target title="main/fast">
				<Option output="/home/zhou/MTCNN_TensorRT/main" prefix_auto="0" extension_auto="0"/>
				<Option working_dir="/home/zhou/MTCNN_TensorRT"/>
				<Option object_output="./"/>
				<Option type="1"/>
				<Option compiler="gcc"/>
				<Compiler>
					<Add directory="/opt/OpenBLAS/include"/>
					<Add directory="/usr/local/cuda/include"/>
					<Add directory="/usr/local/tensorrt/include"/>
					<Add directory="/usr/include/opencv"/>
				</Compiler>
				<MakeCommands>
					<Build command="/usr/bin/make -f &quot;/home/zhou/MTCNN_TensorRT/Makefile&quot;  VERBOSE=1 main/fast"/>
					<CompileFile command="/usr/bin/make -f &quot;/home/zhou/MTCNN_TensorRT/Makefile&quot;  VERBOSE=1 &quot;$file&quot;"/>
					<Clean command="/usr/bin/make -f &quot;/home/zhou/MTCNN_TensorRT/Makefile&quot;  VERBOSE=1 clean"/>
					<DistClean command="/usr/bin/make -f &quot;/home/zhou/MTCNN_TensorRT/Makefile&quot;  VERBOSE=1 clean"/>
				</MakeCommands>
			</Target>
		</Build>
		<Unit filename="/home/zhou/MTCNN_TensorRT/src/baseEngine.cpp">
			<Option target="main"/>
		</Unit>
		<Unit filename="/home/zhou/MTCNN_TensorRT/src/baseEngine.h">
			<Option target="main"/>
		</Unit>
		<Unit filename="/home/zhou/MTCNN_TensorRT/src/common.cpp">
			<Option target="main"/>
		</Unit>
		<Unit filename="/home/zhou/MTCNN_TensorRT/src/common.h">
			<Option target="main"/>
		</Unit>
		<Unit filename="/home/zhou/MTCNN_TensorRT/src/mtcnn.cpp">
			<Option target="main"/>
		</Unit>
		<Unit filename="/home/zhou/MTCNN_TensorRT/src/mtcnn.h">
			<Option target="main"/>
		</Unit>
		<Unit filename="/home/zhou/MTCNN_TensorRT/src/network.cpp">
			<Option target="main"/>
		</Unit>
		<Unit filename="/home/zhou/MTCNN_TensorRT/src/network.h">
			<Option target="main"/>
		</Unit>
		<Unit filename="/home/zhou/MTCNN_TensorRT/src/pBox.cpp">
			<Option target="main"/>
		</Unit>
		<Unit filename="/home/zhou/MTCNN_TensorRT/src/pBox.h">
			<Option target="main"/>
		</Unit>
		<Unit filename="/home/zhou/MTCNN_TensorRT/src/pikaqiu.cpp">
			<Option target="main"/>
		</Unit>
		<Unit filename="/home/zhou/MTCNN_TensorRT/src/pnet_rt.cpp">
			<Option target="main"/>
		</Unit>
		<Unit filename="/home/zhou/MTCNN_TensorRT/src/pnet_rt.h">
			<Option target="main"/>
		</Unit>
		<Unit filename="/home/zhou/MTCNN_TensorRT/src/rnet_rt.cpp">
			<Option target="main"/>
		</Unit>
		<Unit filename="/home/zhou/MTCNN_TensorRT/src/rnet_rt.h">
			<Option target="main"/>
		</Unit>
		<Unit filename="/home/zhou/MTCNN_TensorRT/CMakeLists.txt">
			<Option virtualFolder="CMake Files\"/>
		</Unit>
		<Unit filename="/home/zhou/MTCNN_TensorRT/../../../usr/share/OpenCV/OpenCVConfig-version.cmake">
			<Option virtualFolder="CMake Files\..\..\..\usr\share\OpenCV\"/>
		</Unit>
		<Unit filename="/home/zhou/MTCNN_TensorRT/../../../usr/share/OpenCV/OpenCVConfig.cmake">
			<Option virtualFolder="CMake Files\..\..\..\usr\share\OpenCV\"/>
		</Unit>
		<Unit filename="/home/zhou/MTCNN_TensorRT/../../../usr/share/OpenCV/OpenCVModules-release.cmake">
			<Option virtualFolder="CMake Files\..\..\..\usr\share\OpenCV\"/>
		</Unit>
		<Unit filename="/home/zhou/MTCNN_TensorRT/../../../usr/share/OpenCV/OpenCVModules.cmake">
			<Option virtualFolder="CMake Files\..\..\..\usr\share\OpenCV\"/>
		</Unit>
	</Project>
</CodeBlocks_project_file>
